// !$*UTF8*$!
{
	archiveVersion = 1;
	classes = {
	};
	objectVersion = 50;
	objects = {

/* Begin PBXBuildFile section */
		991B936B256606CE00CC50DC /* Tests_iOS.swift in Sources */ = {isa = PBXBuildFile; fileRef = 991B936A256606CE00CC50DC /* Tests_iOS.swift */; };
		991B9376256606CE00CC50DC /* Tests_macOS.swift in Sources */ = {isa = PBXBuildFile; fileRef = 991B9375256606CE00CC50DC /* Tests_macOS.swift */; };
		991B9378256606CE00CC50DC /* IMDbSearchApp.swift in Sources */ = {isa = PBXBuildFile; fileRef = 991B934F256606CA00CC50DC /* IMDbSearchApp.swift */; };
		991B9379256606CE00CC50DC /* IMDbSearchApp.swift in Sources */ = {isa = PBXBuildFile; fileRef = 991B934F256606CA00CC50DC /* IMDbSearchApp.swift */; };
		991B937A256606CE00CC50DC /* ContentView.swift in Sources */ = {isa = PBXBuildFile; fileRef = 991B9350256606CA00CC50DC /* ContentView.swift */; };
		991B937B256606CE00CC50DC /* ContentView.swift in Sources */ = {isa = PBXBuildFile; fileRef = 991B9350256606CA00CC50DC /* ContentView.swift */; };
		991B937C256606CE00CC50DC /* Assets.xcassets in Resources */ = {isa = PBXBuildFile; fileRef = 991B9351256606CE00CC50DC /* Assets.xcassets */; };
		991B937D256606CE00CC50DC /* Assets.xcassets in Resources */ = {isa = PBXBuildFile; fileRef = 991B9351256606CE00CC50DC /* Assets.xcassets */; };
		991B939525660A8E00CC50DC /* JsonModels.swift in Sources */ = {isa = PBXBuildFile; fileRef = 991B939425660A8E00CC50DC /* JsonModels.swift */; };
		991B939625660A8E00CC50DC /* JsonModels.swift in Sources */ = {isa = PBXBuildFile; fileRef = 991B939425660A8E00CC50DC /* JsonModels.swift */; };
		991B939725660A8E00CC50DC /* JsonModels.swift in Sources */ = {isa = PBXBuildFile; fileRef = 991B939425660A8E00CC50DC /* JsonModels.swift */; };
		991B939825660A8E00CC50DC /* JsonModels.swift in Sources */ = {isa = PBXBuildFile; fileRef = 991B939425660A8E00CC50DC /* JsonModels.swift */; };
		991B93A025661B1000CC50DC /* Bundle+extension.swift in Sources */ = {isa = PBXBuildFile; fileRef = 991B939D25661B1000CC50DC /* Bundle+extension.swift */; };
		991B93A125661B1000CC50DC /* Bundle+extension.swift in Sources */ = {isa = PBXBuildFile; fileRef = 991B939D25661B1000CC50DC /* Bundle+extension.swift */; };
		991B93A225661B1100CC50DC /* Bundle+extension.swift in Sources */ = {isa = PBXBuildFile; fileRef = 991B939D25661B1000CC50DC /* Bundle+extension.swift */; };
		991B93A325661B1100CC50DC /* Bundle+extension.swift in Sources */ = {isa = PBXBuildFile; fileRef = 991B939D25661B1000CC50DC /* Bundle+extension.swift */; };
		991B93A425661B1100CC50DC /* SearchResult.swift in Sources */ = {isa = PBXBuildFile; fileRef = 991B939E25661B1000CC50DC /* SearchResult.swift */; };
		991B93A525661B1100CC50DC /* SearchResult.swift in Sources */ = {isa = PBXBuildFile; fileRef = 991B939E25661B1000CC50DC /* SearchResult.swift */; };
		991B93A625661B1100CC50DC /* SearchResult.swift in Sources */ = {isa = PBXBuildFile; fileRef = 991B939E25661B1000CC50DC /* SearchResult.swift */; };
		991B93A725661B1100CC50DC /* SearchResult.swift in Sources */ = {isa = PBXBuildFile; fileRef = 991B939E25661B1000CC50DC /* SearchResult.swift */; };
		991B93A825661B1100CC50DC /* URL+extension.swift in Sources */ = {isa = PBXBuildFile; fileRef = 991B939F25661B1000CC50DC /* URL+extension.swift */; };
		991B93A925661B1100CC50DC /* URL+extension.swift in Sources */ = {isa = PBXBuildFile; fileRef = 991B939F25661B1000CC50DC /* URL+extension.swift */; };
		991B93AA25661B1100CC50DC /* URL+extension.swift in Sources */ = {isa = PBXBuildFile; fileRef = 991B939F25661B1000CC50DC /* URL+extension.swift */; };
		991B93AB25661B1100CC50DC /* URL+extension.swift in Sources */ = {isa = PBXBuildFile; fileRef = 991B939F25661B1000CC50DC /* URL+extension.swift */; };
/* End PBXBuildFile section */

/* Begin PBXContainerItemProxy section */
		991B9367256606CE00CC50DC /* PBXContainerItemProxy */ = {
			isa = PBXContainerItemProxy;
			containerPortal = 991B934A256606CA00CC50DC /* Project object */;
			proxyType = 1;
			remoteGlobalIDString = 991B9355256606CE00CC50DC;
			remoteInfo = "IMDbSearch (iOS)";
		};
		991B9372256606CE00CC50DC /* PBXContainerItemProxy */ = {
			isa = PBXContainerItemProxy;
			containerPortal = 991B934A256606CA00CC50DC /* Project object */;
			proxyType = 1;
			remoteGlobalIDString = 991B935D256606CE00CC50DC;
			remoteInfo = "IMDbSearch (macOS)";
		};
/* End PBXContainerItemProxy section */

/* Begin PBXFileReference section */
		991B934F256606CA00CC50DC /* IMDbSearchApp.swift */ = {isa = PBXFileReference; lastKnownFileType = sourcecode.swift; path = IMDbSearchApp.swift; sourceTree = "<group>"; };
		991B9350256606CA00CC50DC /* ContentView.swift */ = {isa = PBXFileReference; lastKnownFileType = sourcecode.swift; path = ContentView.swift; sourceTree = "<group>"; };
		991B9351256606CE00CC50DC /* Assets.xcassets */ = {isa = PBXFileReference; lastKnownFileType = folder.assetcatalog; path = Assets.xcassets; sourceTree = "<group>"; };
		991B9356256606CE00CC50DC /* IMDbSearch.app */ = {isa = PBXFileReference; explicitFileType = wrapper.application; includeInIndex = 0; path = IMDbSearch.app; sourceTree = BUILT_PRODUCTS_DIR; };
		991B9359256606CE00CC50DC /* Info.plist */ = {isa = PBXFileReference; lastKnownFileType = text.plist.xml; path = Info.plist; sourceTree = "<group>"; };
		991B935E256606CE00CC50DC /* IMDbSearch.app */ = {isa = PBXFileReference; explicitFileType = wrapper.application; includeInIndex = 0; path = IMDbSearch.app; sourceTree = BUILT_PRODUCTS_DIR; };
		991B9360256606CE00CC50DC /* Info.plist */ = {isa = PBXFileReference; lastKnownFileType = text.plist.xml; path = Info.plist; sourceTree = "<group>"; };
		991B9361256606CE00CC50DC /* macOS.entitlements */ = {isa = PBXFileReference; lastKnownFileType = text.plist.entitlements; path = macOS.entitlements; sourceTree = "<group>"; };
		991B9366256606CE00CC50DC /* Tests iOS.xctest */ = {isa = PBXFileReference; explicitFileType = wrapper.cfbundle; includeInIndex = 0; path = "Tests iOS.xctest"; sourceTree = BUILT_PRODUCTS_DIR; };
		991B936A256606CE00CC50DC /* Tests_iOS.swift */ = {isa = PBXFileReference; lastKnownFileType = sourcecode.swift; path = Tests_iOS.swift; sourceTree = "<group>"; };
		991B936C256606CE00CC50DC /* Info.plist */ = {isa = PBXFileReference; lastKnownFileType = text.plist.xml; path = Info.plist; sourceTree = "<group>"; };
		991B9371256606CE00CC50DC /* Tests macOS.xctest */ = {isa = PBXFileReference; explicitFileType = wrapper.cfbundle; includeInIndex = 0; path = "Tests macOS.xctest"; sourceTree = BUILT_PRODUCTS_DIR; };
		991B9375256606CE00CC50DC /* Tests_macOS.swift */ = {isa = PBXFileReference; lastKnownFileType = sourcecode.swift; path = Tests_macOS.swift; sourceTree = "<group>"; };
		991B9377256606CE00CC50DC /* Info.plist */ = {isa = PBXFileReference; lastKnownFileType = text.plist.xml; path = Info.plist; sourceTree = "<group>"; };
		991B939425660A8E00CC50DC /* JsonModels.swift */ = {isa = PBXFileReference; lastKnownFileType = sourcecode.swift; path = JsonModels.swift; sourceTree = "<group>"; };
		991B939D25661B1000CC50DC /* Bundle+extension.swift */ = {isa = PBXFileReference; fileEncoding = 4; lastKnownFileType = sourcecode.swift; path = "Bundle+extension.swift"; sourceTree = "<group>"; };
		991B939E25661B1000CC50DC /* SearchResult.swift */ = {isa = PBXFileReference; fileEncoding = 4; lastKnownFileType = sourcecode.swift; path = SearchResult.swift; sourceTree = "<group>"; };
		991B939F25661B1000CC50DC /* URL+extension.swift */ = {isa = PBXFileReference; fileEncoding = 4; lastKnownFileType = sourcecode.swift; path = "URL+extension.swift"; sourceTree = "<group>"; };
/* End PBXFileReference section */

/* Begin PBXFrameworksBuildPhase section */
		991B9353256606CE00CC50DC /* Frameworks */ = {
			isa = PBXFrameworksBuildPhase;
			buildActionMask = 2147483647;
			files = (
			);
			runOnlyForDeploymentPostprocessing = 0;
		};
		991B935B256606CE00CC50DC /* Frameworks */ = {
			isa = PBXFrameworksBuildPhase;
			buildActionMask = 2147483647;
			files = (
			);
			runOnlyForDeploymentPostprocessing = 0;
		};
		991B9363256606CE00CC50DC /* Frameworks */ = {
			isa = PBXFrameworksBuildPhase;
			buildActionMask = 2147483647;
			files = (
			);
			runOnlyForDeploymentPostprocessing = 0;
		};
		991B936E256606CE00CC50DC /* Frameworks */ = {
			isa = PBXFrameworksBuildPhase;
			buildActionMask = 2147483647;
			files = (
			);
			runOnlyForDeploymentPostprocessing = 0;
		};
/* End PBXFrameworksBuildPhase section */

/* Begin PBXGroup section */
		991B9349256606CA00CC50DC = {
			isa = PBXGroup;
			children = (
				991B934E256606CA00CC50DC /* Shared */,
				991B9358256606CE00CC50DC /* iOS */,
				991B935F256606CE00CC50DC /* macOS */,
				991B9369256606CE00CC50DC /* Tests iOS */,
				991B9374256606CE00CC50DC /* Tests macOS */,
				991B9357256606CE00CC50DC /* Products */,
			);
			sourceTree = "<group>";
		};
		991B934E256606CA00CC50DC /* Shared */ = {
			isa = PBXGroup;
			children = (
				991B939D25661B1000CC50DC /* Bundle+extension.swift */,
				991B939E25661B1000CC50DC /* SearchResult.swift */,
				991B939F25661B1000CC50DC /* URL+extension.swift */,
				991B934F256606CA00CC50DC /* IMDbSearchApp.swift */,
				991B9350256606CA00CC50DC /* ContentView.swift */,
				991B9351256606CE00CC50DC /* Assets.xcassets */,
				991B939425660A8E00CC50DC /* JsonModels.swift */,
			);
			path = Shared;
			sourceTree = "<group>";
		};
		991B9357256606CE00CC50DC /* Products */ = {
			isa = PBXGroup;
			children = (
				991B9356256606CE00CC50DC /* IMDbSearch.app */,
				991B935E256606CE00CC50DC /* IMDbSearch.app */,
				991B9366256606CE00CC50DC /* Tests iOS.xctest */,
				991B9371256606CE00CC50DC /* Tests macOS.xctest */,
			);
			name = Products;
			sourceTree = "<group>";
		};
		991B9358256606CE00CC50DC /* iOS */ = {
			isa = PBXGroup;
			children = (
				991B9359256606CE00CC50DC /* Info.plist */,
			);
			path = iOS;
			sourceTree = "<group>";
		};
		991B935F256606CE00CC50DC /* macOS */ = {
			isa = PBXGroup;
			children = (
				991B9360256606CE00CC50DC /* Info.plist */,
				991B9361256606CE00CC50DC /* macOS.entitlements */,
			);
			path = macOS;
			sourceTree = "<group>";
		};
		991B9369256606CE00CC50DC /* Tests iOS */ = {
			isa = PBXGroup;
			children = (
				991B936A256606CE00CC50DC /* Tests_iOS.swift */,
				991B936C256606CE00CC50DC /* Info.plist */,
			);
			path = "Tests iOS";
			sourceTree = "<group>";
		};
		991B9374256606CE00CC50DC /* Tests macOS */ = {
			isa = PBXGroup;
			children = (
				991B9375256606CE00CC50DC /* Tests_macOS.swift */,
				991B9377256606CE00CC50DC /* Info.plist */,
			);
			path = "Tests macOS";
			sourceTree = "<group>";
		};
/* End PBXGroup section */

/* Begin PBXNativeTarget section */
		991B9355256606CE00CC50DC /* IMDbSearch (iOS) */ = {
			isa = PBXNativeTarget;
			buildConfigurationList = 991B9380256606CE00CC50DC /* Build configuration list for PBXNativeTarget "IMDbSearch (iOS)" */;
			buildPhases = (
				991B9352256606CE00CC50DC /* Sources */,
				991B9353256606CE00CC50DC /* Frameworks */,
				991B9354256606CE00CC50DC /* Resources */,
			);
			buildRules = (
			);
			dependencies = (
			);
			name = "IMDbSearch (iOS)";
			productName = "IMDbSearch (iOS)";
			productReference = 991B9356256606CE00CC50DC /* IMDbSearch.app */;
			productType = "com.apple.product-type.application";
		};
		991B935D256606CE00CC50DC /* IMDbSearch (macOS) */ = {
			isa = PBXNativeTarget;
			buildConfigurationList = 991B9383256606CE00CC50DC /* Build configuration list for PBXNativeTarget "IMDbSearch (macOS)" */;
			buildPhases = (
				991B935A256606CE00CC50DC /* Sources */,
				991B935B256606CE00CC50DC /* Frameworks */,
				991B935C256606CE00CC50DC /* Resources */,
			);
			buildRules = (
			);
			dependencies = (
			);
			name = "IMDbSearch (macOS)";
			productName = "IMDbSearch (macOS)";
			productReference = 991B935E256606CE00CC50DC /* IMDbSearch.app */;
			productType = "com.apple.product-type.application";
		};
		991B9365256606CE00CC50DC /* Tests iOS */ = {
			isa = PBXNativeTarget;
			buildConfigurationList = 991B9386256606CE00CC50DC /* Build configuration list for PBXNativeTarget "Tests iOS" */;
			buildPhases = (
				991B9362256606CE00CC50DC /* Sources */,
				991B9363256606CE00CC50DC /* Frameworks */,
				991B9364256606CE00CC50DC /* Resources */,
			);
			buildRules = (
			);
			dependencies = (
				991B9368256606CE00CC50DC /* PBXTargetDependency */,
			);
			name = "Tests iOS";
			productName = "Tests iOS";
			productReference = 991B9366256606CE00CC50DC /* Tests iOS.xctest */;
			productType = "com.apple.product-type.bundle.ui-testing";
		};
		991B9370256606CE00CC50DC /* Tests macOS */ = {
			isa = PBXNativeTarget;
			buildConfigurationList = 991B9389256606CE00CC50DC /* Build configuration list for PBXNativeTarget "Tests macOS" */;
			buildPhases = (
				991B936D256606CE00CC50DC /* Sources */,
				991B936E256606CE00CC50DC /* Frameworks */,
				991B936F256606CE00CC50DC /* Resources */,
			);
			buildRules = (
			);
			dependencies = (
				991B9373256606CE00CC50DC /* PBXTargetDependency */,
			);
			name = "Tests macOS";
			productName = "Tests macOS";
			productReference = 991B9371256606CE00CC50DC /* Tests macOS.xctest */;
			productType = "com.apple.product-type.bundle.ui-testing";
		};
/* End PBXNativeTarget section */

/* Begin PBXProject section */
		991B934A256606CA00CC50DC /* Project object */ = {
			isa = PBXProject;
			attributes = {
				LastSwiftUpdateCheck = 1220;
				LastUpgradeCheck = 1220;
				TargetAttributes = {
					991B9355256606CE00CC50DC = {
						CreatedOnToolsVersion = 12.2;
					};
					991B935D256606CE00CC50DC = {
						CreatedOnToolsVersion = 12.2;
					};
					991B9365256606CE00CC50DC = {
						CreatedOnToolsVersion = 12.2;
						TestTargetID = 991B9355256606CE00CC50DC;
					};
					991B9370256606CE00CC50DC = {
						CreatedOnToolsVersion = 12.2;
						TestTargetID = 991B935D256606CE00CC50DC;
					};
				};
			};
			buildConfigurationList = 991B934D256606CA00CC50DC /* Build configuration list for PBXProject "IMDbSearch" */;
			compatibilityVersion = "Xcode 9.3";
			developmentRegion = en;
			hasScannedForEncodings = 0;
			knownRegions = (
				en,
				Base,
			);
			mainGroup = 991B9349256606CA00CC50DC;
			productRefGroup = 991B9357256606CE00CC50DC /* Products */;
			projectDirPath = "";
			projectRoot = "";
			targets = (
				991B9355256606CE00CC50DC /* IMDbSearch (iOS) */,
				991B935D256606CE00CC50DC /* IMDbSearch (macOS) */,
				991B9365256606CE00CC50DC /* Tests iOS */,
				991B9370256606CE00CC50DC /* Tests macOS */,
			);
		};
/* End PBXProject section */

/* Begin PBXResourcesBuildPhase section */
		991B9354256606CE00CC50DC /* Resources */ = {
			isa = PBXResourcesBuildPhase;
			buildActionMask = 2147483647;
			files = (
				991B937C256606CE00CC50DC /* Assets.xcassets in Resources */,
			);
			runOnlyForDeploymentPostprocessing = 0;
		};
		991B935C256606CE00CC50DC /* Resources */ = {
			isa = PBXResourcesBuildPhase;
			buildActionMask = 2147483647;
			files = (
				991B937D256606CE00CC50DC /* Assets.xcassets in Resources */,
			);
			runOnlyForDeploymentPostprocessing = 0;
		};
		991B9364256606CE00CC50DC /* Resources */ = {
			isa = PBXResourcesBuildPhase;
			buildActionMask = 2147483647;
			files = (
			);
			runOnlyForDeploymentPostprocessing = 0;
		};
		991B936F256606CE00CC50DC /* Resources */ = {
			isa = PBXResourcesBuildPhase;
			buildActionMask = 2147483647;
			files = (
			);
			runOnlyForDeploymentPostprocessing = 0;
		};
/* End PBXResourcesBuildPhase section */

/* Begin PBXSourcesBuildPhase section */
		991B9352256606CE00CC50DC /* Sources */ = {
			isa = PBXSourcesBuildPhase;
			buildActionMask = 2147483647;
			files = (
				991B937A256606CE00CC50DC /* ContentView.swift in Sources */,
				991B9378256606CE00CC50DC /* IMDbSearchApp.swift in Sources */,
				991B93A425661B1100CC50DC /* SearchResult.swift in Sources */,
				991B93A825661B1100CC50DC /* URL+extension.swift in Sources */,
				991B939525660A8E00CC50DC /* JsonModels.swift in Sources */,
				991B93A025661B1000CC50DC /* Bundle+extension.swift in Sources */,
			);
			runOnlyForDeploymentPostprocessing = 0;
		};
		991B935A256606CE00CC50DC /* Sources */ = {
			isa = PBXSourcesBuildPhase;
			buildActionMask = 2147483647;
			files = (
				991B937B256606CE00CC50DC /* ContentView.swift in Sources */,
				991B9379256606CE00CC50DC /* IMDbSearchApp.swift in Sources */,
				991B93A525661B1100CC50DC /* SearchResult.swift in Sources */,
				991B93A925661B1100CC50DC /* URL+extension.swift in Sources */,
				991B939625660A8E00CC50DC /* JsonModels.swift in Sources */,
				991B93A125661B1000CC50DC /* Bundle+extension.swift in Sources */,
			);
			runOnlyForDeploymentPostprocessing = 0;
		};
		991B9362256606CE00CC50DC /* Sources */ = {
			isa = PBXSourcesBuildPhase;
			buildActionMask = 2147483647;
			files = (
				991B936B256606CE00CC50DC /* Tests_iOS.swift in Sources */,
				991B93A225661B1100CC50DC /* Bundle+extension.swift in Sources */,
				991B93A625661B1100CC50DC /* SearchResult.swift in Sources */,
				991B939725660A8E00CC50DC /* JsonModels.swift in Sources */,
				991B93AA25661B1100CC50DC /* URL+extension.swift in Sources */,
			);
			runOnlyForDeploymentPostprocessing = 0;
		};
		991B936D256606CE00CC50DC /* Sources */ = {
			isa = PBXSourcesBuildPhase;
			buildActionMask = 2147483647;
			files = (
				991B9376256606CE00CC50DC /* Tests_macOS.swift in Sources */,
				991B93A325661B1100CC50DC /* Bundle+extension.swift in Sources */,
				991B93A725661B1100CC50DC /* SearchResult.swift in Sources */,
				991B939825660A8E00CC50DC /* JsonModels.swift in Sources */,
				991B93AB25661B1100CC50DC /* URL+extension.swift in Sources */,
			);
			runOnlyForDeploymentPostprocessing = 0;
		};
/* End PBXSourcesBuildPhase section */

/* Begin PBXTargetDependency section */
		991B9368256606CE00CC50DC /* PBXTargetDependency */ = {
			isa = PBXTargetDependency;
			target = 991B9355256606CE00CC50DC /* IMDbSearch (iOS) */;
			targetProxy = 991B9367256606CE00CC50DC /* PBXContainerItemProxy */;
		};
		991B9373256606CE00CC50DC /* PBXTargetDependency */ = {
			isa = PBXTargetDependency;
			target = 991B935D256606CE00CC50DC /* IMDbSearch (macOS) */;
			targetProxy = 991B9372256606CE00CC50DC /* PBXContainerItemProxy */;
		};
/* End PBXTargetDependency section */

/* Begin XCBuildConfiguration section */
		991B937E256606CE00CC50DC /* Debug */ = {
			isa = XCBuildConfiguration;
			buildSettings = {
				ALWAYS_SEARCH_USER_PATHS = NO;
				CLANG_ANALYZER_NONNULL = YES;
				CLANG_ANALYZER_NUMBER_OBJECT_CONVERSION = YES_AGGRESSIVE;
				CLANG_CXX_LANGUAGE_STANDARD = "gnu++14";
				CLANG_CXX_LIBRARY = "libc++";
				CLANG_ENABLE_MODULES = YES;
				CLANG_ENABLE_OBJC_ARC = YES;
				CLANG_ENABLE_OBJC_WEAK = YES;
				CLANG_WARN_BLOCK_CAPTURE_AUTORELEASING = YES;
				CLANG_WARN_BOOL_CONVERSION = YES;
				CLANG_WARN_COMMA = YES;
				CLANG_WARN_CONSTANT_CONVERSION = YES;
				CLANG_WARN_DEPRECATED_OBJC_IMPLEMENTATIONS = YES;
				CLANG_WARN_DIRECT_OBJC_ISA_USAGE = YES_ERROR;
				CLANG_WARN_DOCUMENTATION_COMMENTS = YES;
				CLANG_WARN_EMPTY_BODY = YES;
				CLANG_WARN_ENUM_CONVERSION = YES;
				CLANG_WARN_INFINITE_RECURSION = YES;
				CLANG_WARN_INT_CONVERSION = YES;
				CLANG_WARN_NON_LITERAL_NULL_CONVERSION = YES;
				CLANG_WARN_OBJC_IMPLICIT_RETAIN_SELF = YES;
				CLANG_WARN_OBJC_LITERAL_CONVERSION = YES;
				CLANG_WARN_OBJC_ROOT_CLASS = YES_ERROR;
				CLANG_WARN_QUOTED_INCLUDE_IN_FRAMEWORK_HEADER = YES;
				CLANG_WARN_RANGE_LOOP_ANALYSIS = YES;
				CLANG_WARN_STRICT_PROTOTYPES = YES;
				CLANG_WARN_SUSPICIOUS_MOVE = YES;
				CLANG_WARN_UNGUARDED_AVAILABILITY = YES_AGGRESSIVE;
				CLANG_WARN_UNREACHABLE_CODE = YES;
				CLANG_WARN__DUPLICATE_METHOD_MATCH = YES;
				COPY_PHASE_STRIP = NO;
				DEBUG_INFORMATION_FORMAT = dwarf;
				ENABLE_STRICT_OBJC_MSGSEND = YES;
				ENABLE_TESTABILITY = YES;
				GCC_C_LANGUAGE_STANDARD = gnu11;
				GCC_DYNAMIC_NO_PIC = NO;
				GCC_NO_COMMON_BLOCKS = YES;
				GCC_OPTIMIZATION_LEVEL = 0;
				GCC_PREPROCESSOR_DEFINITIONS = (
					"DEBUG=1",
					"$(inherited)",
				);
				GCC_WARN_64_TO_32_BIT_CONVERSION = YES;
				GCC_WARN_ABOUT_RETURN_TYPE = YES_ERROR;
				GCC_WARN_UNDECLARED_SELECTOR = YES;
				GCC_WARN_UNINITIALIZED_AUTOS = YES_AGGRESSIVE;
				GCC_WARN_UNUSED_FUNCTION = YES;
				GCC_WARN_UNUSED_VARIABLE = YES;
				MTL_ENABLE_DEBUG_INFO = INCLUDE_SOURCE;
				MTL_FAST_MATH = YES;
				ONLY_ACTIVE_ARCH = YES;
				SWIFT_ACTIVE_COMPILATION_CONDITIONS = DEBUG;
				SWIFT_OPTIMIZATION_LEVEL = "-Onone";
			};
			name = Debug;
		};
		991B937F256606CE00CC50DC /* Release */ = {
			isa = XCBuildConfiguration;
			buildSettings = {
				ALWAYS_SEARCH_USER_PATHS = NO;
				CLANG_ANALYZER_NONNULL = YES;
				CLANG_ANALYZER_NUMBER_OBJECT_CONVERSION = YES_AGGRESSIVE;
				CLANG_CXX_LANGUAGE_STANDARD = "gnu++14";
				CLANG_CXX_LIBRARY = "libc++";
				CLANG_ENABLE_MODULES = YES;
				CLANG_ENABLE_OBJC_ARC = YES;
				CLANG_ENABLE_OBJC_WEAK = YES;
				CLANG_WARN_BLOCK_CAPTURE_AUTORELEASING = YES;
				CLANG_WARN_BOOL_CONVERSION = YES;
				CLANG_WARN_COMMA = YES;
				CLANG_WARN_CONSTANT_CONVERSION = YES;
				CLANG_WARN_DEPRECATED_OBJC_IMPLEMENTATIONS = YES;
				CLANG_WARN_DIRECT_OBJC_ISA_USAGE = YES_ERROR;
				CLANG_WARN_DOCUMENTATION_COMMENTS = YES;
				CLANG_WARN_EMPTY_BODY = YES;
				CLANG_WARN_ENUM_CONVERSION = YES;
				CLANG_WARN_INFINITE_RECURSION = YES;
				CLANG_WARN_INT_CONVERSION = YES;
				CLANG_WARN_NON_LITERAL_NULL_CONVERSION = YES;
				CLANG_WARN_OBJC_IMPLICIT_RETAIN_SELF = YES;
				CLANG_WARN_OBJC_LITERAL_CONVERSION = YES;
				CLANG_WARN_OBJC_ROOT_CLASS = YES_ERROR;
				CLANG_WARN_QUOTED_INCLUDE_IN_FRAMEWORK_HEADER = YES;
				CLANG_WARN_RANGE_LOOP_ANALYSIS = YES;
				CLANG_WARN_STRICT_PROTOTYPES = YES;
				CLANG_WARN_SUSPICIOUS_MOVE = YES;
				CLANG_WARN_UNGUARDED_AVAILABILITY = YES_AGGRESSIVE;
				CLANG_WARN_UNREACHABLE_CODE = YES;
				CLANG_WARN__DUPLICATE_METHOD_MATCH = YES;
				COPY_PHASE_STRIP = NO;
				DEBUG_INFORMATION_FORMAT = "dwarf-with-dsym";
				ENABLE_NS_ASSERTIONS = NO;
				ENABLE_STRICT_OBJC_MSGSEND = YES;
				GCC_C_LANGUAGE_STANDARD = gnu11;
				GCC_NO_COMMON_BLOCKS = YES;
				GCC_WARN_64_TO_32_BIT_CONVERSION = YES;
				GCC_WARN_ABOUT_RETURN_TYPE = YES_ERROR;
				GCC_WARN_UNDECLARED_SELECTOR = YES;
				GCC_WARN_UNINITIALIZED_AUTOS = YES_AGGRESSIVE;
				GCC_WARN_UNUSED_FUNCTION = YES;
				GCC_WARN_UNUSED_VARIABLE = YES;
				MTL_ENABLE_DEBUG_INFO = NO;
				MTL_FAST_MATH = YES;
				SWIFT_COMPILATION_MODE = wholemodule;
				SWIFT_OPTIMIZATION_LEVEL = "-O";
			};
			name = Release;
		};
		991B9381256606CE00CC50DC /* Debug */ = {
			isa = XCBuildConfiguration;
			buildSettings = {
				ASSETCATALOG_COMPILER_APPICON_NAME = AppIcon;
				ASSETCATALOG_COMPILER_GLOBAL_ACCENT_COLOR_NAME = AccentColor;
				CODE_SIGN_STYLE = Automatic;
				DEVELOPMENT_TEAM = W6Y99N58CG;
				ENABLE_PREVIEWS = YES;
				INFOPLIST_FILE = iOS/Info.plist;
				IPHONEOS_DEPLOYMENT_TARGET = 14.0;
				LD_RUNPATH_SEARCH_PATHS = (
					"$(inherited)",
					"@executable_path/Frameworks",
				);
				PRODUCT_BUNDLE_IDENTIFIER = Home.IMDbSearch;
				PRODUCT_NAME = IMDbSearch;
				SDKROOT = iphoneos;
				SWIFT_VERSION = 5.0;
				TARGETED_DEVICE_FAMILY = "1,2";
			};
			name = Debug;
		};
		991B9382256606CE00CC50DC /* Release */ = {
			isa = XCBuildConfiguration;
			buildSettings = {
				ASSETCATALOG_COMPILER_APPICON_NAME = AppIcon;
				ASSETCATALOG_COMPILER_GLOBAL_ACCENT_COLOR_NAME = AccentColor;
				CODE_SIGN_STYLE = Automatic;
				DEVELOPMENT_TEAM = W6Y99N58CG;
				ENABLE_PREVIEWS = YES;
				INFOPLIST_FILE = iOS/Info.plist;
				IPHONEOS_DEPLOYMENT_TARGET = 14.0;
				LD_RUNPATH_SEARCH_PATHS = (
					"$(inherited)",
					"@executable_path/Frameworks",
				);
				PRODUCT_BUNDLE_IDENTIFIER = Home.IMDbSearch;
				PRODUCT_NAME = IMDbSearch;
				SDKROOT = iphoneos;
				SWIFT_VERSION = 5.0;
				TARGETED_DEVICE_FAMILY = "1,2";
				VALIDATE_PRODUCT = YES;
			};
			name = Release;
		};
		991B9384256606CE00CC50DC /* Debug */ = {
			isa = XCBuildConfiguration;
			buildSettings = {
				ASSETCATALOG_COMPILER_APPICON_NAME = AppIcon;
				ASSETCATALOG_COMPILER_GLOBAL_ACCENT_COLOR_NAME = AccentColor;
				CODE_SIGN_ENTITLEMENTS = macOS/macOS.entitlements;
				CODE_SIGN_STYLE = Automatic;
				COMBINE_HIDPI_IMAGES = YES;
				DEVELOPMENT_TEAM = W6Y99N58CG;
				ENABLE_HARDENED_RUNTIME = YES;
				ENABLE_PREVIEWS = YES;
				INFOPLIST_FILE = macOS/Info.plist;
				LD_RUNPATH_SEARCH_PATHS = (
					"$(inherited)",
					"@executable_path/../Frameworks",
				);
				MACOSX_DEPLOYMENT_TARGET = 11.0;
				PRODUCT_BUNDLE_IDENTIFIER = Home.IMDbSearch;
				PRODUCT_NAME = IMDbSearch;
				SDKROOT = macosx;
				SWIFT_VERSION = 5.0;
			};
			name = Debug;
		};
		991B9385256606CE00CC50DC /* Release */ = {
			isa = XCBuildConfiguration;
			buildSettings = {
				ASSETCATALOG_COMPILER_APPICON_NAME = AppIcon;
				ASSETCATALOG_COMPILER_GLOBAL_ACCENT_COLOR_NAME = AccentColor;
				CODE_SIGN_ENTITLEMENTS = macOS/macOS.entitlements;
				CODE_SIGN_STYLE = Automatic;
				COMBINE_HIDPI_IMAGES = YES;
				DEVELOPMENT_TEAM = W6Y99N58CG;
				ENABLE_HARDENED_RUNTIME = YES;
				ENABLE_PREVIEWS = YES;
				INFOPLIST_FILE = macOS/Info.plist;
				LD_RUNPATH_SEARCH_PATHS = (
					"$(inherited)",
					"@executable_path/../Frameworks",
				);
				MACOSX_DEPLOYMENT_TARGET = 11.0;
				PRODUCT_BUNDLE_IDENTIFIER = Home.IMDbSearch;
				PRODUCT_NAME = IMDbSearch;
				SDKROOT = macosx;
				SWIFT_VERSION = 5.0;
			};
			name = Release;
		};
		991B9387256606CE00CC50DC /* Debug */ = {
			isa = XCBuildConfiguration;
			buildSettings = {
				ALWAYS_EMBED_SWIFT_STANDARD_LIBRARIES = YES;
				CODE_SIGN_STYLE = Automatic;
				DEVELOPMENT_TEAM = W6Y99N58CG;
				INFOPLIST_FILE = "Tests iOS/Info.plist";
				IPHONEOS_DEPLOYMENT_TARGET = 14.2;
				LD_RUNPATH_SEARCH_PATHS = (
					"$(inherited)",
					"@executable_path/Frameworks",
					"@loader_path/Frameworks",
				);
				PRODUCT_BUNDLE_IDENTIFIER = "Home.Tests-iOS";
				PRODUCT_NAME = "$(TARGET_NAME)";
				SDKROOT = iphoneos;
				SWIFT_VERSION = 5.0;
				TARGETED_DEVICE_FAMILY = "1,2";
				TEST_TARGET_NAME = "IMDbSearch (iOS)";
			};
			name = Debug;
		};
		991B9388256606CE00CC50DC /* Release */ = {
			isa = XCBuildConfiguration;
			buildSettings = {
				ALWAYS_EMBED_SWIFT_STANDARD_LIBRARIES = YES;
				CODE_SIGN_STYLE = Automatic;
				DEVELOPMENT_TEAM = W6Y99N58CG;
				INFOPLIST_FILE = "Tests iOS/Info.plist";
				IPHONEOS_DEPLOYMENT_TARGET = 14.2;
				LD_RUNPATH_SEARCH_PATHS = (
					"$(inherited)",
					"@executable_path/Frameworks",
					"@loader_path/Frameworks",
				);
				PRODUCT_BUNDLE_IDENTIFIER = "Home.Tests-iOS";
				PRODUCT_NAME = "$(TARGET_NAME)";
				SDKROOT = iphoneos;
				SWIFT_VERSION = 5.0;
				TARGETED_DEVICE_FAMILY = "1,2";
				TEST_TARGET_NAME = "IMDbSearch (iOS)";
				VALIDATE_PRODUCT = YES;
			};
			name = Release;
		};
		991B938A256606CE00CC50DC /* Debug */ = {
			isa = XCBuildConfiguration;
			buildSettings = {
				ALWAYS_EMBED_SWIFT_STANDARD_LIBRARIES = YES;
				CODE_SIGN_STYLE = Automatic;
				COMBINE_HIDPI_IMAGES = YES;
				DEVELOPMENT_TEAM = W6Y99N58CG;
				INFOPLIST_FILE = "Tests macOS/Info.plist";
				LD_RUNPATH_SEARCH_PATHS = (
					"$(inherited)",
					"@executable_path/../Frameworks",
					"@loader_path/../Frameworks",
				);
				MACOSX_DEPLOYMENT_TARGET = 10.15;
				PRODUCT_BUNDLE_IDENTIFIER = "Home.Tests-macOS";
				PRODUCT_NAME = "$(TARGET_NAME)";
				SDKROOT = macosx;
				SWIFT_VERSION = 5.0;
				TEST_TARGET_NAME = "IMDbSearch (macOS)";
			};
			name = Debug;
		};
		991B938B256606CE00CC50DC /* Release */ = {
			isa = XCBuildConfiguration;
			buildSettings = {
				ALWAYS_EMBED_SWIFT_STANDARD_LIBRARIES = YES;
				CODE_SIGN_STYLE = Automatic;
				COMBINE_HIDPI_IMAGES = YES;
				DEVELOPMENT_TEAM = W6Y99N58CG;
				INFOPLIST_FILE = "Tests macOS/Info.plist";
				LD_RUNPATH_SEARCH_PATHS = (
					"$(inherited)",
					"@executable_path/../Frameworks",
					"@loader_path/../Frameworks",
				);
				MACOSX_DEPLOYMENT_TARGET = 10.15;
				PRODUCT_BUNDLE_IDENTIFIER = "Home.Tests-macOS";
				PRODUCT_NAME = "$(TARGET_NAME)";
				SDKROOT = macosx;
				SWIFT_VERSION = 5.0;
				TEST_TARGET_NAME = "IMDbSearch (macOS)";
			};
			name = Release;
		};
/* End XCBuildConfiguration section */

/* Begin XCConfigurationList section */
		991B934D256606CA00CC50DC /* Build configuration list for PBXProject "IMDbSearch" */ = {
			isa = XCConfigurationList;
			buildConfigurations = (
				991B937E256606CE00CC50DC /* Debug */,
				991B937F256606CE00CC50DC /* Release */,
			);
			defaultConfigurationIsVisible = 0;
			defaultConfigurationName = Release;
		};
		991B9380256606CE00CC50DC /* Build configuration list for PBXNativeTarget "IMDbSearch (iOS)" */ = {
			isa = XCConfigurationList;
			buildConfigurations = (
				991B9381256606CE00CC50DC /* Debug */,
				991B9382256606CE00CC50DC /* Release */,
			);
			defaultConfigurationIsVisible = 0;
			defaultConfigurationName = Release;
		};
		991B9383256606CE00CC50DC /* Build configuration list for PBXNativeTarget "IMDbSearch (macOS)" */ = {
			isa = XCConfigurationList;
			buildConfigurations = (
				991B9384256606CE00CC50DC /* Debug */,
				991B9385256606CE00CC50DC /* Release */,
			);
			defaultConfigurationIsVisible = 0;
			defaultConfigurationName = Release;
		};
		991B9386256606CE00CC50DC /* Build configuration list for PBXNativeTarget "Tests iOS" */ = {
			isa = XCConfigurationList;
			buildConfigurations = (
				991B9387256606CE00CC50DC /* Debug */,
				991B9388256606CE00CC50DC /* Release */,
			);
			defaultConfigurationIsVisible = 0;
			defaultConfigurationName = Release;
		};
		991B9389256606CE00CC50DC /* Build configuration list for PBXNativeTarget "Tests macOS" */ = {
			isa = XCConfigurationList;
			buildConfigurations = (
				991B938A256606CE00CC50DC /* Debug */,
				991B938B256606CE00CC50DC /* Release */,
			);
			defaultConfigurationIsVisible = 0;
			defaultConfigurationName = Release;
		};
/* End XCConfigurationList section */
	};
	rootObject = 991B934A256606CA00CC50DC /* Project object */;
}
